{
  "name": "AI-SHISHYA",
  "lockfileVersion": 3,
  "requires": true,
  "packages": {
    "": {
      "dependencies": {
        "@trimble-oss/modus-web-components": "^0.3.1"
      }
    },
    "node_modules/@stencil/core": {
      "version": "3.4.2",
      "resolved": "https://registry.npmjs.org/@stencil/core/-/core-3.4.2.tgz",
      "integrity": "sha512-FAUhUVaakCy29nU2GwO/HQBRV1ihPRvncz3PUc8oR+UJLAxGabTmP8PLY7wvHfbw+Cvi4VXfJFTBvdfDu6iKPQ==",
      "bin": {
        "stencil": "bin/stencil"
      },
      "engines": {
        "node": ">=14.10.0",
        "npm": ">=6.0.0"
      }
    },
    "node_modules/@tanstack/table-core": {
      "version": "8.10.3",
      "resolved": "https://registry.npmjs.org/@tanstack/table-core/-/table-core-8.10.3.tgz",
      "integrity": "sha512-hJ55YfJlWbfzRROfcyA/kC1aZr/shsLA8XNAwN8jXylhYWGLnPmiJJISrUfj4dMMWRiFi0xBlnlC7MLH+zSrcw==",
      "engines": {
        "node": ">=12"
      },
      "funding": {
        "type": "github",
        "url": "https://github.com/sponsors/tannerlinsley"
      }
    },
    "node_modules/@trimble-oss/modus-web-components": {
      "version": "0.3.1",
      "resolved": "https://registry.npmjs.org/@trimble-oss/modus-web-components/-/modus-web-components-0.3.1.tgz",
      "integrity": "sha512-u/6l97vmxYTtisYdpsJSfpHnml/LdpedFJiPnODBnxLb7fm37sWu8XujtY54nQ3elGJKxJ0WMS3pIToU4frmQw==",
      "dependencies": {
        "@stencil/core": "^3.3.0",
        "@tanstack/table-core": "^8.8.5"
      },
      "engines": {
        "node": ">=14",
        "npm": ">=7"
      }
    }
  }
}
